
Microsoft Visual Studio Solution File, Format Version 11.00
# Visual Studio 2010
Project("{8BC9CEB8-8B4A-11D0-8D11-00A0C91BC942}") = "cpp1", "cpp1.vcxproj", "{4B6488E0-AC6E-578E-648F-B8A042C2474B}"
EndProject
Global
	GlobalSection(SolutionConfigurationPlatforms) = preSolution
		Debug|Win32 = Debug|Win32
		Release|Win32 = Release|Win32
	EndGlobalSection
	GlobalSection(ProjectConfigurationPlatforms) = postSolution
		{4B6488E0-AC6E-578E-648F-B8A042C2474B}.Debug|Win32.ActiveCfg = Debug|Win32
		{4B6488E0-AC6E-578E-648F-B8A042C2474B}.Debug|Win32.Build.0 = Debug|Win32
		{4B6488E0-AC6E-578E-648F-B8A042C2474B}.Release|Win32.ActiveCfg = Release|Win32
		{4B6488E0-AC6E-578E-648F-B8A042C2474B}.Release|Win32.Build.0 = Release|Win32
	EndGlobalSection
	GlobalSection(SolutionProperties) = preSolution
		HideSolutionNode = FALSE
	EndGlobalSection
EndGlobal
